{
  "name": "webdevelopment",
  "version": "1.0.0",
  "lockfileVersion": 3,
  "requires": true,
  "packages": {
    "": {
      "name": "webdevelopment",
      "version": "1.0.0",
      "license": "ISC",
      "dependencies": {
        "safa-router": "^1.4.1"
      }
    },
    "node_modules/safa-router": {
      "version": "1.4.1",
      "resolved": "https://registry.npmjs.org/safa-router/-/safa-router-1.4.1.tgz",
      "integrity": "sha512-p1cS6SZ1Pz9ds1cggX8RZiVwgv4XFCeUrLtiM+8vLUZB+5MSxUBXhK26E7XNMvqvQ32ifdq2s4m2IRV8NsfNjw==",
      "license": "MIT"
    }
  }
}
