{
  "name": "webdevelopment",
  "version": "1.0.0",
  "lockfileVersion": 3,
  "requires": true,
  "packages": {
    "": {
      "name": "webdevelopment",
      "version": "1.0.0",
      "license": "ISC",
      "dependencies": {
        "safa-router": "^2.0.1"
      }
    },
    "node_modules/safa-router": {
      "version": "2.0.1",
      "resolved": "https://registry.npmjs.org/safa-router/-/safa-router-2.0.1.tgz",
      "integrity": "sha512-wf3eAQAl03NwoC1akZ01LSBH1WiYZMBcvic5kUhGOrdv8Ekqt1vYfiqXlLeDBRSJO+V6q2dhaqenE64z/K+SEw==",
      "license": "MIT",
      "engines": {
        "node": ">=18"
      }
    }
  }
}
